
Microsoft Visual Studio Solution File, Format Version 12.00
# Visual Studio 14
VisualStudioVersion = 14.0.25420.1
MinimumVisualStudioVersion = 10.0.40219.1
Project("{FAE04EC0-301F-11D3-BF4B-00C04F79EFBC}") = "Sample.DependencyMonitor.Console", "Sample.DependencyMonitor.Console\Sample.DependencyMonitor.Console.csproj", "{BB969924-D00D-4595-924A-0C04097C351F}"
EndProject
Project("{FAE04EC0-301F-11D3-BF4B-00C04F79EFBC}") = "Sample.DependencyMonitor.Core", "Sample.DependencyMonitor.Core\Sample.DependencyMonitor.Core.csproj", "{578BFA79-FFBD-49A5-A545-3B6EDD4CB255}"
EndProject
Global
	GlobalSection(SolutionConfigurationPlatforms) = preSolution
		Debug|Any CPU = Debug|Any CPU
		Release|Any CPU = Release|Any CPU
	EndGlobalSection
	GlobalSection(ProjectConfigurationPlatforms) = postSolution
		{BB969924-D00D-4595-924A-0C04097C351F}.Debug|Any CPU.ActiveCfg = Debug|Any CPU
		{BB969924-D00D-4595-924A-0C04097C351F}.Debug|Any CPU.Build.0 = Debug|Any CPU
		{BB969924-D00D-4595-924A-0C04097C351F}.Release|Any CPU.ActiveCfg = Release|Any CPU
		{BB969924-D00D-4595-924A-0C04097C351F}.Release|Any CPU.Build.0 = Release|Any CPU
		{578BFA79-FFBD-49A5-A545-3B6EDD4CB255}.Debug|Any CPU.ActiveCfg = Debug|Any CPU
		{578BFA79-FFBD-49A5-A545-3B6EDD4CB255}.Debug|Any CPU.Build.0 = Debug|Any CPU
		{578BFA79-FFBD-49A5-A545-3B6EDD4CB255}.Release|Any CPU.ActiveCfg = Release|Any CPU
		{578BFA79-FFBD-49A5-A545-3B6EDD4CB255}.Release|Any CPU.Build.0 = Release|Any CPU
	EndGlobalSection
	GlobalSection(SolutionProperties) = preSolution
		HideSolutionNode = FALSE
	EndGlobalSection
EndGlobal
